
Microsoft Visual Studio Solution File, Format Version 12.00
# Visual Studio Version 16
VisualStudioVersion = 16.0.30804.86
MinimumVisualStudioVersion = 10.0.40219.1
Project("{9A19103F-16F7-4668-BE54-9A1E7A4F7556}") = "Delights.Api", "src\Delights.Api\Delights.Api.csproj", "{EFCB1ADB-FEE6-4441-8898-3ABE1489A3B1}"
EndProject
Project("{9A19103F-16F7-4668-BE54-9A1E7A4F7556}") = "Delights.UI", "src\Delights.UI\Delights.UI.csproj", "{69CDBF1C-094D-49E3-B2B1-667787B1A4E1}"
EndProject
Project("{9A19103F-16F7-4668-BE54-9A1E7A4F7556}") = "Delights.Client", "src\Delights.Client\Delights.Client.csproj", "{275F052C-CA08-4EF0-AC4A-9F1421B8CDC7}"
EndProject
Project("{9A19103F-16F7-4668-BE54-9A1E7A4F7556}") = "Modulight.Modules.Core", "src\Modulight.Modules.Core\Modulight.Modules.Core.csproj", "{8475B7E2-0AFA-4108-8A35-8D2980B12850}"
EndProject
Project("{9A19103F-16F7-4668-BE54-9A1E7A4F7556}") = "Modulight.Modules.Client.RazorComponents", "src\Modulight.Modules.Client.RazorComponents\Modulight.Modules.Client.RazorComponents.csproj", "{E12666E6-2D09-48A1-A887-E402D308A0BB}"
EndProject
Project("{9A19103F-16F7-4668-BE54-9A1E7A4F7556}") = "Modulight.Modules.Server.GraphQL", "src\Modulight.Modules.Server.GraphQL\Modulight.Modules.Server.GraphQL.csproj", "{680F01C1-DCB5-42A4-8ED1-234A45D8FBA6}"
EndProject
Project("{2150E333-8FDC-42A3-9474-1A3956D46DE8}") = "modules", "modules", "{0C012303-205C-4886-8F91-DF223124E1E9}"
EndProject
Project("{2150E333-8FDC-42A3-9474-1A3956D46DE8}") = "hello", "hello", "{3C385D87-CD57-48DE-9724-91489F24356D}"
EndProject
Project("{9A19103F-16F7-4668-BE54-9A1E7A4F7556}") = "Delights.Modules.Hello", "src\modules\hello\Delights.Modules.Hello\Delights.Modules.Hello.csproj", "{AB7ABB0A-734A-4A06-8BA2-374E586A96DC}"
EndProject
Project("{9A19103F-16F7-4668-BE54-9A1E7A4F7556}") = "Delights.Modules.Hello.UI", "src\modules\hello\Delights.Modules.Hello.UI\Delights.Modules.Hello.UI.csproj", "{C88DBFFE-EF11-49A7-9F0D-D97226271C7A}"
EndProject
Project("{9A19103F-16F7-4668-BE54-9A1E7A4F7556}") = "Delights.Modules.Hello.Server", "src\modules\hello\Delights.Modules.Hello.Server\Delights.Modules.Hello.Server.csproj", "{CBE41E90-70AF-4B89-9929-CAA8A74B7C3B}"
EndProject
Project("{2150E333-8FDC-42A3-9474-1A3956D46DE8}") = "modulemanager", "modulemanager", "{ACEBD1CB-4315-4A1D-BE67-56A9168B6099}"
EndProject
Project("{9A19103F-16F7-4668-BE54-9A1E7A4F7556}") = "Delights.Modules.ModuleManager", "src\modules\modulemanager\client\Delights.Modules.ModuleManager.csproj", "{08C0899F-43AF-496E-95CF-22F8816EA69F}"
EndProject
Project("{9A19103F-16F7-4668-BE54-9A1E7A4F7556}") = "Delights.Modules.ModuleManager.Server", "src\modules\modulemanager\server\Delights.Modules.ModuleManager.Server.csproj", "{84A4DC85-7120-4EAF-BA6E-A999FA97356D}"
EndProject
Project("{9A19103F-16F7-4668-BE54-9A1E7A4F7556}") = "Delights.Client.WebAssembly", "src\Delights.Client.WebAssembly\Delights.Client.WebAssembly.csproj", "{D434D328-CFD6-4575-A1A3-4DE692A74CF3}"
EndProject
Project("{9A19103F-16F7-4668-BE54-9A1E7A4F7556}") = "Delights.Client.Shared", "src\Delights.Client.Shared\Delights.Client.Shared.csproj", "{EEC29EB1-B2DA-431C-A61F-84702247B177}"
EndProject
Project("{9A19103F-16F7-4668-BE54-9A1E7A4F7556}") = "Delights.Client.WebAssembly.Host", "src\Delights.Client.WebAssembly.Host\Delights.Client.WebAssembly.Host.csproj", "{BB342E23-6714-4004-AB70-4B93119FB16C}"
EndProject
Project("{2150E333-8FDC-42A3-9474-1A3956D46DE8}") = "client", "client", "{522A1407-2CF2-491C-BBAB-76749F7F33B4}"
EndProject
Project("{2150E333-8FDC-42A3-9474-1A3956D46DE8}") = "modulight", "modulight", "{F9AEA789-C2F1-4EB8-91C2-914B365CD8F6}"
EndProject
Project("{9A19103F-16F7-4668-BE54-9A1E7A4F7556}") = "Modulight.Modules.Server.AspNet", "src\Modulight.Modules.Server.AspNet\Modulight.Modules.Server.AspNet.csproj", "{245E8FFC-9452-42D4-BFC6-E5BBD6B911B3}"
EndProject
Project("{9A19103F-16F7-4668-BE54-9A1E7A4F7556}") = "StardustDL.AspNet.ObjectStorage", "src\StardustDL.AspNet.ObjectStorage\StardustDL.AspNet.ObjectStorage.csproj", "{2BA63FB4-6FC0-42E7-A90A-2E9FE6C22BD8}"
EndProject
Project("{9A19103F-16F7-4668-BE54-9A1E7A4F7556}") = "StardustDL.AspNet.IdentityServer", "src\StardustDL.AspNet.IdentityServer\StardustDL.AspNet.IdentityServer.csproj", "{28B2788D-9EF5-4226-92D9-B694767B57C3}"
EndProject
Project("{2150E333-8FDC-42A3-9474-1A3956D46DE8}") = "extensions", "extensions", "{17A43292-B8B1-4657-B6A5-019C9C28DC64}"
EndProject
Project("{D954291E-2A0B-460D-934E-DC6B0785DB48}") = "Delights.Modules.Hello.Shared", "src\modules\hello\Delights.Modules.Hello.Shared\Delights.Modules.Hello.Shared.shproj", "{058AB875-CB8C-4A40-A154-E42C7FFDF4A1}"
EndProject
Project("{D954291E-2A0B-460D-934E-DC6B0785DB48}") = "Delights.Modules.Shared", "src\modules\Delights.Modules.Shared\Delights.Modules.Shared.shproj", "{0140B3C5-AD7E-47E6-B6F6-0D876AD3CFD3}"
EndProject
Project("{D954291E-2A0B-460D-934E-DC6B0785DB48}") = "Delights.Modules.ModuleManager.Shared", "src\modules\modulemanager\shared\Delights.Modules.ModuleManager.Shared.shproj", "{0A72DFB0-5B98-4EEB-A2FA-BAECC7F04D89}"
EndProject
Project("{9A19103F-16F7-4668-BE54-9A1E7A4F7556}") = "StardustDL.AspNet.ItemMetadataServer", "src\StardustDL.AspNet.ItemMetadataServer\StardustDL.AspNet.ItemMetadataServer.csproj", "{CACB9937-D0A3-458B-BE98-67471F0873D0}"
EndProject
Project("{2150E333-8FDC-42A3-9474-1A3956D46DE8}") = "notes", "notes", "{E8F7CB98-9F8D-472B-A926-4FB3E73672A3}"
EndProject
Project("{9A19103F-16F7-4668-BE54-9A1E7A4F7556}") = "Delights.Modules.Notes.Server", "src\modules\notes\server\Delights.Modules.Notes.Server.csproj", "{41A07DC1-359F-4B2F-9CE9-84AE5C73A16C}"
EndProject
Project("{D954291E-2A0B-460D-934E-DC6B0785DB48}") = "Delights.Modules.Notes.Shared", "src\modules\notes\shared\Delights.Modules.Notes.Shared.shproj", "{5A6F2210-8852-4D81-BA60-023A5DBAA281}"
EndProject
Project("{9A19103F-16F7-4668-BE54-9A1E7A4F7556}") = "Delights.Modules.Notes", "src\modules\notes\client\Delights.Modules.Notes.csproj", "{C2432C09-5E38-4AEF-8561-ABA5B54B777A}"
EndProject
Project("{9A19103F-16F7-4668-BE54-9A1E7A4F7556}") = "Delights.Modules.Server", "src\modules\Delights.Modules.Server\Delights.Modules.Server.csproj", "{B8B44EDC-8C0E-4D0F-BB77-15AD53202652}"
EndProject
Project("{2150E333-8FDC-42A3-9474-1A3956D46DE8}") = "bookkeeping", "bookkeeping", "{ABD6FB14-A306-48EB-BF13-9B8FF913AF69}"
EndProject
Project("{D954291E-2A0B-460D-934E-DC6B0785DB48}") = "Delights.Modules.Bookkeeping.Shared", "src\modules\bookkeeping\shared\Delights.Modules.Bookkeeping.Shared.shproj", "{B2E27FB4-3F40-40C2-A322-57504A016548}"
EndProject
Project("{9A19103F-16F7-4668-BE54-9A1E7A4F7556}") = "Delights.Modules.Bookkeeping", "src\modules\bookkeeping\client\Delights.Modules.Bookkeeping.csproj", "{72BDC22E-981B-46CA-BC72-9EC6B0D71142}"
EndProject
Project("{9A19103F-16F7-4668-BE54-9A1E7A4F7556}") = "Delights.Modules.Bookkeeping.Server", "src\modules\bookkeeping\server\Delights.Modules.Bookkeeping.Server.csproj", "{36DEEB7C-0C7D-47C3-BAC3-6873F05F6571}"
EndProject
Project("{2150E333-8FDC-42A3-9474-1A3956D46DE8}") = "persons", "persons", "{B753EE81-896A-4284-A55A-696086D6257D}"
EndProject
Project("{D954291E-2A0B-460D-934E-DC6B0785DB48}") = "Delights.Modules.Persons.Shared", "src\modules\persons\shared\Delights.Modules.Persons.Shared.shproj", "{06770D8F-22B3-4CF0-BA69-B1E4196C2624}"
EndProject
Project("{9A19103F-16F7-4668-BE54-9A1E7A4F7556}") = "Delights.Modules.Persons.Server", "src\modules\persons\server\Delights.Modules.Persons.Server.csproj", "{5364C2B4-75E6-442B-B7A5-BF36CF564574}"
EndProject
Project("{9A19103F-16F7-4668-BE54-9A1E7A4F7556}") = "Delights.Modules.Persons", "src\modules\persons\client\Delights.Modules.Persons.csproj", "{600498E4-8B69-4C2A-8D18-CA3DCCBD24E0}"
EndProject
Project("{9A19103F-16F7-4668-BE54-9A1E7A4F7556}") = "Delights.Modules.Client", "src\modules\Delights.Modules.Client\Delights.Modules.Client.csproj", "{6F9448A2-C2AA-434D-88AB-740DABC2146D}"
EndProject
Project("{2150E333-8FDC-42A3-9474-1A3956D46DE8}") = "test", "test", "{97449FE5-7A3E-42AF-BF57-F5CE9B4F3075}"
EndProject
Project("{9A19103F-16F7-4668-BE54-9A1E7A4F7556}") = "Test.Base", "test\Test.Base\Test.Base.csproj", "{76BF6DCF-FB48-44EB-9060-4E37C3F1F5BE}"
EndProject
Project("{9A19103F-16F7-4668-BE54-9A1E7A4F7556}") = "Test.Modulights", "test\Test.Modulights\Test.Modulights.csproj", "{43D55AED-D32F-41AA-9B67-D3EC8ECB7306}"
EndProject
Project("{9A19103F-16F7-4668-BE54-9A1E7A4F7556}") = "Modulight.Modules.Test", "src\Modulight.Modules.Test\Modulight.Modules.Test.csproj", "{C77FD1F9-D08E-4428-85B8-D6998C750501}"
EndProject
Project("{FAE04EC0-301F-11D3-BF4B-00C04F79EFBC}") = "Test.Extensions", "test\Test.Extensions\Test.Extensions.csproj", "{BC76EDD6-EAA4-440F-BF07-235BE1BF7F15}"
EndProject
Global
	GlobalSection(SharedMSBuildProjectFiles) = preSolution
		src\modules\Delights.Modules.Shared\Delights.Modules.Shared.projitems*{0140b3c5-ad7e-47e6-b6f6-0d876ad3cfd3}*SharedItemsImports = 13
		src\modules\hello\Delights.Modules.Hello.Shared\Delights.Modules.Hello.Shared.projitems*{058ab875-cb8c-4a40-a154-e42c7ffdf4a1}*SharedItemsImports = 13
		src\modules\persons\shared\Delights.Modules.Persons.Shared.projitems*{06770d8f-22b3-4cf0-ba69-b1e4196c2624}*SharedItemsImports = 13
		src\modules\Delights.Modules.Shared\Delights.Modules.Shared.projitems*{08c0899f-43af-496e-95cf-22f8816ea69f}*SharedItemsImports = 5
		src\modules\modulemanager\shared\Delights.Modules.ModuleManager.Shared.projitems*{08c0899f-43af-496e-95cf-22f8816ea69f}*SharedItemsImports = 5
		src\modules\modulemanager\shared\Delights.Modules.ModuleManager.Shared.projitems*{0a72dfb0-5b98-4eeb-a2fa-baecc7f04d89}*SharedItemsImports = 13
		src\modules\bookkeeping\shared\Delights.Modules.Bookkeeping.Shared.projitems*{36deeb7c-0c7d-47c3-bac3-6873f05f6571}*SharedItemsImports = 5
		src\modules\Delights.Modules.Shared\Delights.Modules.Shared.projitems*{36deeb7c-0c7d-47c3-bac3-6873f05f6571}*SharedItemsImports = 5
		src\modules\Delights.Modules.Shared\Delights.Modules.Shared.projitems*{41a07dc1-359f-4b2f-9ce9-84ae5c73a16c}*SharedItemsImports = 5
		src\modules\notes\shared\Delights.Modules.Notes.Shared.projitems*{41a07dc1-359f-4b2f-9ce9-84ae5c73a16c}*SharedItemsImports = 5
		src\modules\Delights.Modules.Shared\Delights.Modules.Shared.projitems*{5364c2b4-75e6-442b-b7a5-bf36cf564574}*SharedItemsImports = 5
		src\modules\persons\shared\Delights.Modules.Persons.Shared.projitems*{5364c2b4-75e6-442b-b7a5-bf36cf564574}*SharedItemsImports = 5
		src\modules\notes\shared\Delights.Modules.Notes.Shared.projitems*{5a6f2210-8852-4d81-ba60-023a5dbaa281}*SharedItemsImports = 13
		src\modules\Delights.Modules.Shared\Delights.Modules.Shared.projitems*{600498e4-8b69-4c2a-8d18-ca3dccbd24e0}*SharedItemsImports = 5
		src\modules\persons\shared\Delights.Modules.Persons.Shared.projitems*{600498e4-8b69-4c2a-8d18-ca3dccbd24e0}*SharedItemsImports = 5
		src\modules\Delights.Modules.Shared\Delights.Modules.Shared.projitems*{69cdbf1c-094d-49e3-b2b1-667787b1a4e1}*SharedItemsImports = 5
		src\modules\Delights.Modules.Shared\Delights.Modules.Shared.projitems*{6f9448a2-c2aa-434d-88ab-740dabc2146d}*SharedItemsImports = 5
		src\modules\bookkeeping\shared\Delights.Modules.Bookkeeping.Shared.projitems*{72bdc22e-981b-46ca-bc72-9ec6b0d71142}*SharedItemsImports = 5
		src\modules\Delights.Modules.Shared\Delights.Modules.Shared.projitems*{72bdc22e-981b-46ca-bc72-9ec6b0d71142}*SharedItemsImports = 5
		src\modules\Delights.Modules.Shared\Delights.Modules.Shared.projitems*{84a4dc85-7120-4eaf-ba6e-a999fa97356d}*SharedItemsImports = 5
		src\modules\modulemanager\shared\Delights.Modules.ModuleManager.Shared.projitems*{84a4dc85-7120-4eaf-ba6e-a999fa97356d}*SharedItemsImports = 5
		src\modules\Delights.Modules.Shared\Delights.Modules.Shared.projitems*{ab7abb0a-734a-4a06-8ba2-374e586a96dc}*SharedItemsImports = 5
		src\modules\hello\Delights.Modules.Hello.Shared\Delights.Modules.Hello.Shared.projitems*{ab7abb0a-734a-4a06-8ba2-374e586a96dc}*SharedItemsImports = 5
		src\modules\bookkeeping\shared\Delights.Modules.Bookkeeping.Shared.projitems*{b2e27fb4-3f40-40c2-a322-57504a016548}*SharedItemsImports = 13
		src\modules\Delights.Modules.Shared\Delights.Modules.Shared.projitems*{c2432c09-5e38-4aef-8561-aba5b54b777a}*SharedItemsImports = 5
		src\modules\notes\shared\Delights.Modules.Notes.Shared.projitems*{c2432c09-5e38-4aef-8561-aba5b54b777a}*SharedItemsImports = 5
		src\modules\Delights.Modules.Shared\Delights.Modules.Shared.projitems*{cbe41e90-70af-4b89-9929-caa8a74b7c3b}*SharedItemsImports = 5
		src\modules\hello\Delights.Modules.Hello.Shared\Delights.Modules.Hello.Shared.projitems*{cbe41e90-70af-4b89-9929-caa8a74b7c3b}*SharedItemsImports = 5
	EndGlobalSection
	GlobalSection(SolutionConfigurationPlatforms) = preSolution
		Debug|Any CPU = Debug|Any CPU
		Release|Any CPU = Release|Any CPU
	EndGlobalSection
	GlobalSection(ProjectConfigurationPlatforms) = postSolution
		{EFCB1ADB-FEE6-4441-8898-3ABE1489A3B1}.Debug|Any CPU.ActiveCfg = Debug|Any CPU
		{EFCB1ADB-FEE6-4441-8898-3ABE1489A3B1}.Debug|Any CPU.Build.0 = Debug|Any CPU
		{EFCB1ADB-FEE6-4441-8898-3ABE1489A3B1}.Release|Any CPU.ActiveCfg = Release|Any CPU
		{EFCB1ADB-FEE6-4441-8898-3ABE1489A3B1}.Release|Any CPU.Build.0 = Release|Any CPU
		{69CDBF1C-094D-49E3-B2B1-667787B1A4E1}.Debug|Any CPU.ActiveCfg = Debug|Any CPU
		{69CDBF1C-094D-49E3-B2B1-667787B1A4E1}.Debug|Any CPU.Build.0 = Debug|Any CPU
		{69CDBF1C-094D-49E3-B2B1-667787B1A4E1}.Release|Any CPU.ActiveCfg = Release|Any CPU
		{69CDBF1C-094D-49E3-B2B1-667787B1A4E1}.Release|Any CPU.Build.0 = Release|Any CPU
		{275F052C-CA08-4EF0-AC4A-9F1421B8CDC7}.Debug|Any CPU.ActiveCfg = Debug|Any CPU
		{275F052C-CA08-4EF0-AC4A-9F1421B8CDC7}.Debug|Any CPU.Build.0 = Debug|Any CPU
		{275F052C-CA08-4EF0-AC4A-9F1421B8CDC7}.Release|Any CPU.ActiveCfg = Release|Any CPU
		{275F052C-CA08-4EF0-AC4A-9F1421B8CDC7}.Release|Any CPU.Build.0 = Release|Any CPU
		{8475B7E2-0AFA-4108-8A35-8D2980B12850}.Debug|Any CPU.ActiveCfg = Debug|Any CPU
		{8475B7E2-0AFA-4108-8A35-8D2980B12850}.Debug|Any CPU.Build.0 = Debug|Any CPU
		{8475B7E2-0AFA-4108-8A35-8D2980B12850}.Release|Any CPU.ActiveCfg = Release|Any CPU
		{8475B7E2-0AFA-4108-8A35-8D2980B12850}.Release|Any CPU.Build.0 = Release|Any CPU
		{E12666E6-2D09-48A1-A887-E402D308A0BB}.Debug|Any CPU.ActiveCfg = Debug|Any CPU
		{E12666E6-2D09-48A1-A887-E402D308A0BB}.Debug|Any CPU.Build.0 = Debug|Any CPU
		{E12666E6-2D09-48A1-A887-E402D308A0BB}.Release|Any CPU.ActiveCfg = Release|Any CPU
		{E12666E6-2D09-48A1-A887-E402D308A0BB}.Release|Any CPU.Build.0 = Release|Any CPU
		{680F01C1-DCB5-42A4-8ED1-234A45D8FBA6}.Debug|Any CPU.ActiveCfg = Debug|Any CPU
		{680F01C1-DCB5-42A4-8ED1-234A45D8FBA6}.Debug|Any CPU.Build.0 = Debug|Any CPU
		{680F01C1-DCB5-42A4-8ED1-234A45D8FBA6}.Release|Any CPU.ActiveCfg = Release|Any CPU
		{680F01C1-DCB5-42A4-8ED1-234A45D8FBA6}.Release|Any CPU.Build.0 = Release|Any CPU
		{AB7ABB0A-734A-4A06-8BA2-374E586A96DC}.Debug|Any CPU.ActiveCfg = Debug|Any CPU
		{AB7ABB0A-734A-4A06-8BA2-374E586A96DC}.Debug|Any CPU.Build.0 = Debug|Any CPU
		{AB7ABB0A-734A-4A06-8BA2-374E586A96DC}.Release|Any CPU.ActiveCfg = Release|Any CPU
		{AB7ABB0A-734A-4A06-8BA2-374E586A96DC}.Release|Any CPU.Build.0 = Release|Any CPU
		{C88DBFFE-EF11-49A7-9F0D-D97226271C7A}.Debug|Any CPU.ActiveCfg = Debug|Any CPU
		{C88DBFFE-EF11-49A7-9F0D-D97226271C7A}.Debug|Any CPU.Build.0 = Debug|Any CPU
		{C88DBFFE-EF11-49A7-9F0D-D97226271C7A}.Release|Any CPU.ActiveCfg = Release|Any CPU
		{C88DBFFE-EF11-49A7-9F0D-D97226271C7A}.Release|Any CPU.Build.0 = Release|Any CPU
		{CBE41E90-70AF-4B89-9929-CAA8A74B7C3B}.Debug|Any CPU.ActiveCfg = Debug|Any CPU
		{CBE41E90-70AF-4B89-9929-CAA8A74B7C3B}.Debug|Any CPU.Build.0 = Debug|Any CPU
		{CBE41E90-70AF-4B89-9929-CAA8A74B7C3B}.Release|Any CPU.ActiveCfg = Release|Any CPU
		{CBE41E90-70AF-4B89-9929-CAA8A74B7C3B}.Release|Any CPU.Build.0 = Release|Any CPU
		{08C0899F-43AF-496E-95CF-22F8816EA69F}.Debug|Any CPU.ActiveCfg = Debug|Any CPU
		{08C0899F-43AF-496E-95CF-22F8816EA69F}.Debug|Any CPU.Build.0 = Debug|Any CPU
		{08C0899F-43AF-496E-95CF-22F8816EA69F}.Release|Any CPU.ActiveCfg = Release|Any CPU
		{08C0899F-43AF-496E-95CF-22F8816EA69F}.Release|Any CPU.Build.0 = Release|Any CPU
		{84A4DC85-7120-4EAF-BA6E-A999FA97356D}.Debug|Any CPU.ActiveCfg = Debug|Any CPU
		{84A4DC85-7120-4EAF-BA6E-A999FA97356D}.Debug|Any CPU.Build.0 = Debug|Any CPU
		{84A4DC85-7120-4EAF-BA6E-A999FA97356D}.Release|Any CPU.ActiveCfg = Release|Any CPU
		{84A4DC85-7120-4EAF-BA6E-A999FA97356D}.Release|Any CPU.Build.0 = Release|Any CPU
		{D434D328-CFD6-4575-A1A3-4DE692A74CF3}.Debug|Any CPU.ActiveCfg = Debug|Any CPU
		{D434D328-CFD6-4575-A1A3-4DE692A74CF3}.Debug|Any CPU.Build.0 = Debug|Any CPU
		{D434D328-CFD6-4575-A1A3-4DE692A74CF3}.Release|Any CPU.ActiveCfg = Release|Any CPU
		{D434D328-CFD6-4575-A1A3-4DE692A74CF3}.Release|Any CPU.Build.0 = Release|Any CPU
		{EEC29EB1-B2DA-431C-A61F-84702247B177}.Debug|Any CPU.ActiveCfg = Debug|Any CPU
		{EEC29EB1-B2DA-431C-A61F-84702247B177}.Debug|Any CPU.Build.0 = Debug|Any CPU
		{EEC29EB1-B2DA-431C-A61F-84702247B177}.Release|Any CPU.ActiveCfg = Release|Any CPU
		{EEC29EB1-B2DA-431C-A61F-84702247B177}.Release|Any CPU.Build.0 = Release|Any CPU
		{BB342E23-6714-4004-AB70-4B93119FB16C}.Debug|Any CPU.ActiveCfg = Debug|Any CPU
		{BB342E23-6714-4004-AB70-4B93119FB16C}.Debug|Any CPU.Build.0 = Debug|Any CPU
		{BB342E23-6714-4004-AB70-4B93119FB16C}.Release|Any CPU.ActiveCfg = Release|Any CPU
		{BB342E23-6714-4004-AB70-4B93119FB16C}.Release|Any CPU.Build.0 = Release|Any CPU
		{245E8FFC-9452-42D4-BFC6-E5BBD6B911B3}.Debug|Any CPU.ActiveCfg = Debug|Any CPU
		{245E8FFC-9452-42D4-BFC6-E5BBD6B911B3}.Debug|Any CPU.Build.0 = Debug|Any CPU
		{245E8FFC-9452-42D4-BFC6-E5BBD6B911B3}.Release|Any CPU.ActiveCfg = Release|Any CPU
		{245E8FFC-9452-42D4-BFC6-E5BBD6B911B3}.Release|Any CPU.Build.0 = Release|Any CPU
		{2BA63FB4-6FC0-42E7-A90A-2E9FE6C22BD8}.Debug|Any CPU.ActiveCfg = Debug|Any CPU
		{2BA63FB4-6FC0-42E7-A90A-2E9FE6C22BD8}.Debug|Any CPU.Build.0 = Debug|Any CPU
		{2BA63FB4-6FC0-42E7-A90A-2E9FE6C22BD8}.Release|Any CPU.ActiveCfg = Release|Any CPU
		{2BA63FB4-6FC0-42E7-A90A-2E9FE6C22BD8}.Release|Any CPU.Build.0 = Release|Any CPU
		{28B2788D-9EF5-4226-92D9-B694767B57C3}.Debug|Any CPU.ActiveCfg = Debug|Any CPU
		{28B2788D-9EF5-4226-92D9-B694767B57C3}.Debug|Any CPU.Build.0 = Debug|Any CPU
		{28B2788D-9EF5-4226-92D9-B694767B57C3}.Release|Any CPU.ActiveCfg = Release|Any CPU
		{28B2788D-9EF5-4226-92D9-B694767B57C3}.Release|Any CPU.Build.0 = Release|Any CPU
		{CACB9937-D0A3-458B-BE98-67471F0873D0}.Debug|Any CPU.ActiveCfg = Debug|Any CPU
		{CACB9937-D0A3-458B-BE98-67471F0873D0}.Debug|Any CPU.Build.0 = Debug|Any CPU
		{CACB9937-D0A3-458B-BE98-67471F0873D0}.Release|Any CPU.ActiveCfg = Release|Any CPU
		{CACB9937-D0A3-458B-BE98-67471F0873D0}.Release|Any CPU.Build.0 = Release|Any CPU
		{41A07DC1-359F-4B2F-9CE9-84AE5C73A16C}.Debug|Any CPU.ActiveCfg = Debug|Any CPU
		{41A07DC1-359F-4B2F-9CE9-84AE5C73A16C}.Debug|Any CPU.Build.0 = Debug|Any CPU
		{41A07DC1-359F-4B2F-9CE9-84AE5C73A16C}.Release|Any CPU.ActiveCfg = Release|Any CPU
		{41A07DC1-359F-4B2F-9CE9-84AE5C73A16C}.Release|Any CPU.Build.0 = Release|Any CPU
		{C2432C09-5E38-4AEF-8561-ABA5B54B777A}.Debug|Any CPU.ActiveCfg = Debug|Any CPU
		{C2432C09-5E38-4AEF-8561-ABA5B54B777A}.Debug|Any CPU.Build.0 = Debug|Any CPU
		{C2432C09-5E38-4AEF-8561-ABA5B54B777A}.Release|Any CPU.ActiveCfg = Release|Any CPU
		{C2432C09-5E38-4AEF-8561-ABA5B54B777A}.Release|Any CPU.Build.0 = Release|Any CPU
		{B8B44EDC-8C0E-4D0F-BB77-15AD53202652}.Debug|Any CPU.ActiveCfg = Debug|Any CPU
		{B8B44EDC-8C0E-4D0F-BB77-15AD53202652}.Debug|Any CPU.Build.0 = Debug|Any CPU
		{B8B44EDC-8C0E-4D0F-BB77-15AD53202652}.Release|Any CPU.ActiveCfg = Release|Any CPU
		{B8B44EDC-8C0E-4D0F-BB77-15AD53202652}.Release|Any CPU.Build.0 = Release|Any CPU
		{72BDC22E-981B-46CA-BC72-9EC6B0D71142}.Debug|Any CPU.ActiveCfg = Debug|Any CPU
		{72BDC22E-981B-46CA-BC72-9EC6B0D71142}.Debug|Any CPU.Build.0 = Debug|Any CPU
		{72BDC22E-981B-46CA-BC72-9EC6B0D71142}.Release|Any CPU.ActiveCfg = Release|Any CPU
		{72BDC22E-981B-46CA-BC72-9EC6B0D71142}.Release|Any CPU.Build.0 = Release|Any CPU
		{36DEEB7C-0C7D-47C3-BAC3-6873F05F6571}.Debug|Any CPU.ActiveCfg = Debug|Any CPU
		{36DEEB7C-0C7D-47C3-BAC3-6873F05F6571}.Debug|Any CPU.Build.0 = Debug|Any CPU
		{36DEEB7C-0C7D-47C3-BAC3-6873F05F6571}.Release|Any CPU.ActiveCfg = Release|Any CPU
		{36DEEB7C-0C7D-47C3-BAC3-6873F05F6571}.Release|Any CPU.Build.0 = Release|Any CPU
		{5364C2B4-75E6-442B-B7A5-BF36CF564574}.Debug|Any CPU.ActiveCfg = Debug|Any CPU
		{5364C2B4-75E6-442B-B7A5-BF36CF564574}.Debug|Any CPU.Build.0 = Debug|Any CPU
		{5364C2B4-75E6-442B-B7A5-BF36CF564574}.Release|Any CPU.ActiveCfg = Release|Any CPU
		{5364C2B4-75E6-442B-B7A5-BF36CF564574}.Release|Any CPU.Build.0 = Release|Any CPU
		{600498E4-8B69-4C2A-8D18-CA3DCCBD24E0}.Debug|Any CPU.ActiveCfg = Debug|Any CPU
		{600498E4-8B69-4C2A-8D18-CA3DCCBD24E0}.Debug|Any CPU.Build.0 = Debug|Any CPU
		{600498E4-8B69-4C2A-8D18-CA3DCCBD24E0}.Release|Any CPU.ActiveCfg = Release|Any CPU
		{600498E4-8B69-4C2A-8D18-CA3DCCBD24E0}.Release|Any CPU.Build.0 = Release|Any CPU
		{6F9448A2-C2AA-434D-88AB-740DABC2146D}.Debug|Any CPU.ActiveCfg = Debug|Any CPU
		{6F9448A2-C2AA-434D-88AB-740DABC2146D}.Debug|Any CPU.Build.0 = Debug|Any CPU
		{6F9448A2-C2AA-434D-88AB-740DABC2146D}.Release|Any CPU.ActiveCfg = Release|Any CPU
		{6F9448A2-C2AA-434D-88AB-740DABC2146D}.Release|Any CPU.Build.0 = Release|Any CPU
		{76BF6DCF-FB48-44EB-9060-4E37C3F1F5BE}.Debug|Any CPU.ActiveCfg = Debug|Any CPU
		{76BF6DCF-FB48-44EB-9060-4E37C3F1F5BE}.Debug|Any CPU.Build.0 = Debug|Any CPU
		{76BF6DCF-FB48-44EB-9060-4E37C3F1F5BE}.Release|Any CPU.ActiveCfg = Release|Any CPU
		{76BF6DCF-FB48-44EB-9060-4E37C3F1F5BE}.Release|Any CPU.Build.0 = Release|Any CPU
		{43D55AED-D32F-41AA-9B67-D3EC8ECB7306}.Debug|Any CPU.ActiveCfg = Debug|Any CPU
		{43D55AED-D32F-41AA-9B67-D3EC8ECB7306}.Debug|Any CPU.Build.0 = Debug|Any CPU
		{43D55AED-D32F-41AA-9B67-D3EC8ECB7306}.Release|Any CPU.ActiveCfg = Release|Any CPU
		{43D55AED-D32F-41AA-9B67-D3EC8ECB7306}.Release|Any CPU.Build.0 = Release|Any CPU
		{C77FD1F9-D08E-4428-85B8-D6998C750501}.Debug|Any CPU.ActiveCfg = Debug|Any CPU
		{C77FD1F9-D08E-4428-85B8-D6998C750501}.Debug|Any CPU.Build.0 = Debug|Any CPU
		{C77FD1F9-D08E-4428-85B8-D6998C750501}.Release|Any CPU.ActiveCfg = Release|Any CPU
		{C77FD1F9-D08E-4428-85B8-D6998C750501}.Release|Any CPU.Build.0 = Release|Any CPU
		{BC76EDD6-EAA4-440F-BF07-235BE1BF7F15}.Debug|Any CPU.ActiveCfg = Debug|Any CPU
		{BC76EDD6-EAA4-440F-BF07-235BE1BF7F15}.Debug|Any CPU.Build.0 = Debug|Any CPU
		{BC76EDD6-EAA4-440F-BF07-235BE1BF7F15}.Release|Any CPU.ActiveCfg = Release|Any CPU
		{BC76EDD6-EAA4-440F-BF07-235BE1BF7F15}.Release|Any CPU.Build.0 = Release|Any CPU
	EndGlobalSection
	GlobalSection(SolutionProperties) = preSolution
		HideSolutionNode = FALSE
	EndGlobalSection
	GlobalSection(NestedProjects) = preSolution
		{8475B7E2-0AFA-4108-8A35-8D2980B12850} = {F9AEA789-C2F1-4EB8-91C2-914B365CD8F6}
		{E12666E6-2D09-48A1-A887-E402D308A0BB} = {F9AEA789-C2F1-4EB8-91C2-914B365CD8F6}
		{680F01C1-DCB5-42A4-8ED1-234A45D8FBA6} = {F9AEA789-C2F1-4EB8-91C2-914B365CD8F6}
		{3C385D87-CD57-48DE-9724-91489F24356D} = {0C012303-205C-4886-8F91-DF223124E1E9}
		{AB7ABB0A-734A-4A06-8BA2-374E586A96DC} = {3C385D87-CD57-48DE-9724-91489F24356D}
		{C88DBFFE-EF11-49A7-9F0D-D97226271C7A} = {3C385D87-CD57-48DE-9724-91489F24356D}
		{CBE41E90-70AF-4B89-9929-CAA8A74B7C3B} = {3C385D87-CD57-48DE-9724-91489F24356D}
		{ACEBD1CB-4315-4A1D-BE67-56A9168B6099} = {0C012303-205C-4886-8F91-DF223124E1E9}
		{08C0899F-43AF-496E-95CF-22F8816EA69F} = {ACEBD1CB-4315-4A1D-BE67-56A9168B6099}
		{84A4DC85-7120-4EAF-BA6E-A999FA97356D} = {ACEBD1CB-4315-4A1D-BE67-56A9168B6099}
		{D434D328-CFD6-4575-A1A3-4DE692A74CF3} = {522A1407-2CF2-491C-BBAB-76749F7F33B4}
		{EEC29EB1-B2DA-431C-A61F-84702247B177} = {522A1407-2CF2-491C-BBAB-76749F7F33B4}
		{BB342E23-6714-4004-AB70-4B93119FB16C} = {522A1407-2CF2-491C-BBAB-76749F7F33B4}
		{245E8FFC-9452-42D4-BFC6-E5BBD6B911B3} = {F9AEA789-C2F1-4EB8-91C2-914B365CD8F6}
		{2BA63FB4-6FC0-42E7-A90A-2E9FE6C22BD8} = {17A43292-B8B1-4657-B6A5-019C9C28DC64}
		{28B2788D-9EF5-4226-92D9-B694767B57C3} = {17A43292-B8B1-4657-B6A5-019C9C28DC64}
		{058AB875-CB8C-4A40-A154-E42C7FFDF4A1} = {3C385D87-CD57-48DE-9724-91489F24356D}
		{0140B3C5-AD7E-47E6-B6F6-0D876AD3CFD3} = {0C012303-205C-4886-8F91-DF223124E1E9}
		{0A72DFB0-5B98-4EEB-A2FA-BAECC7F04D89} = {ACEBD1CB-4315-4A1D-BE67-56A9168B6099}
		{CACB9937-D0A3-458B-BE98-67471F0873D0} = {17A43292-B8B1-4657-B6A5-019C9C28DC64}
		{E8F7CB98-9F8D-472B-A926-4FB3E73672A3} = {0C012303-205C-4886-8F91-DF223124E1E9}
		{41A07DC1-359F-4B2F-9CE9-84AE5C73A16C} = {E8F7CB98-9F8D-472B-A926-4FB3E73672A3}
		{5A6F2210-8852-4D81-BA60-023A5DBAA281} = {E8F7CB98-9F8D-472B-A926-4FB3E73672A3}
		{C2432C09-5E38-4AEF-8561-ABA5B54B777A} = {E8F7CB98-9F8D-472B-A926-4FB3E73672A3}
		{B8B44EDC-8C0E-4D0F-BB77-15AD53202652} = {0C012303-205C-4886-8F91-DF223124E1E9}
		{ABD6FB14-A306-48EB-BF13-9B8FF913AF69} = {0C012303-205C-4886-8F91-DF223124E1E9}
		{B2E27FB4-3F40-40C2-A322-57504A016548} = {ABD6FB14-A306-48EB-BF13-9B8FF913AF69}
		{72BDC22E-981B-46CA-BC72-9EC6B0D71142} = {ABD6FB14-A306-48EB-BF13-9B8FF913AF69}
		{36DEEB7C-0C7D-47C3-BAC3-6873F05F6571} = {ABD6FB14-A306-48EB-BF13-9B8FF913AF69}
		{B753EE81-896A-4284-A55A-696086D6257D} = {0C012303-205C-4886-8F91-DF223124E1E9}
		{06770D8F-22B3-4CF0-BA69-B1E4196C2624} = {B753EE81-896A-4284-A55A-696086D6257D}
		{5364C2B4-75E6-442B-B7A5-BF36CF564574} = {B753EE81-896A-4284-A55A-696086D6257D}
		{600498E4-8B69-4C2A-8D18-CA3DCCBD24E0} = {B753EE81-896A-4284-A55A-696086D6257D}
		{6F9448A2-C2AA-434D-88AB-740DABC2146D} = {0C012303-205C-4886-8F91-DF223124E1E9}
		{76BF6DCF-FB48-44EB-9060-4E37C3F1F5BE} = {97449FE5-7A3E-42AF-BF57-F5CE9B4F3075}
		{43D55AED-D32F-41AA-9B67-D3EC8ECB7306} = {97449FE5-7A3E-42AF-BF57-F5CE9B4F3075}
		{C77FD1F9-D08E-4428-85B8-D6998C750501} = {F9AEA789-C2F1-4EB8-91C2-914B365CD8F6}
		{BC76EDD6-EAA4-440F-BF07-235BE1BF7F15} = {97449FE5-7A3E-42AF-BF57-F5CE9B4F3075}
	EndGlobalSection
	GlobalSection(ExtensibilityGlobals) = postSolution
		SolutionGuid = {BEC8D602-768F-4E83-8C66-022EE9BE6CED}
	EndGlobalSection
EndGlobal
