
Microsoft Visual Studio Solution File, Format Version 12.00
# Visual Studio Version 16
VisualStudioVersion = 16.0.30804.86
MinimumVisualStudioVersion = 10.0.40219.1
Project("{9A19103F-16F7-4668-BE54-9A1E7A4F7556}") = "Delights.Api", "src\Delights.Api\Delights.Api.csproj", "{EFCB1ADB-FEE6-4441-8898-3ABE1489A3B1}"
EndProject
Project("{9A19103F-16F7-4668-BE54-9A1E7A4F7556}") = "Delights.UI", "src\Delights.UI\Delights.UI.csproj", "{69CDBF1C-094D-49E3-B2B1-667787B1A4E1}"
EndProject
Project("{9A19103F-16F7-4668-BE54-9A1E7A4F7556}") = "Delights.Client", "src\Delights.Client\Delights.Client.csproj", "{275F052C-CA08-4EF0-AC4A-9F1421B8CDC7}"
EndProject
Project("{9A19103F-16F7-4668-BE54-9A1E7A4F7556}") = "Delights.Modules.Core", "src\Delights.Modules.Core\Delights.Modules.Core.csproj", "{8475B7E2-0AFA-4108-8A35-8D2980B12850}"
EndProject
Project("{9A19103F-16F7-4668-BE54-9A1E7A4F7556}") = "Delights.Modules.Client", "src\Delights.Modules.Client\Delights.Modules.Client.csproj", "{E12666E6-2D09-48A1-A887-E402D308A0BB}"
EndProject
Project("{9A19103F-16F7-4668-BE54-9A1E7A4F7556}") = "Delights.Modules.Server.GraphQL", "src\Delights.Modules.Server.GraphQL\Delights.Modules.Server.GraphQL.csproj", "{680F01C1-DCB5-42A4-8ED1-234A45D8FBA6}"
EndProject
Project("{2150E333-8FDC-42A3-9474-1A3956D46DE8}") = "modules", "modules", "{0C012303-205C-4886-8F91-DF223124E1E9}"
EndProject
Project("{2150E333-8FDC-42A3-9474-1A3956D46DE8}") = "core", "core", "{93097B6A-C6E4-4AE7-AE2F-62908F9EA926}"
EndProject
Project("{2150E333-8FDC-42A3-9474-1A3956D46DE8}") = "hello", "hello", "{3C385D87-CD57-48DE-9724-91489F24356D}"
EndProject
Project("{FAE04EC0-301F-11D3-BF4B-00C04F79EFBC}") = "Delights.Modules.Hello", "src\modules\hello\Delights.Modules.Hello\Delights.Modules.Hello.csproj", "{AB7ABB0A-734A-4A06-8BA2-374E586A96DC}"
EndProject
Project("{FAE04EC0-301F-11D3-BF4B-00C04F79EFBC}") = "Delights.Modules.Hello.UI", "src\modules\hello\Delights.Modules.Hello.UI\Delights.Modules.Hello.UI.csproj", "{C88DBFFE-EF11-49A7-9F0D-D97226271C7A}"
EndProject
Project("{FAE04EC0-301F-11D3-BF4B-00C04F79EFBC}") = "Delights.Modules.Hello.Server", "src\modules\hello\Delights.Modules.Hello.Server\Delights.Modules.Hello.Server.csproj", "{CBE41E90-70AF-4B89-9929-CAA8A74B7C3B}"
EndProject
Global
	GlobalSection(SolutionConfigurationPlatforms) = preSolution
		Debug|Any CPU = Debug|Any CPU
		Release|Any CPU = Release|Any CPU
	EndGlobalSection
	GlobalSection(ProjectConfigurationPlatforms) = postSolution
		{EFCB1ADB-FEE6-4441-8898-3ABE1489A3B1}.Debug|Any CPU.ActiveCfg = Debug|Any CPU
		{EFCB1ADB-FEE6-4441-8898-3ABE1489A3B1}.Debug|Any CPU.Build.0 = Debug|Any CPU
		{EFCB1ADB-FEE6-4441-8898-3ABE1489A3B1}.Release|Any CPU.ActiveCfg = Release|Any CPU
		{EFCB1ADB-FEE6-4441-8898-3ABE1489A3B1}.Release|Any CPU.Build.0 = Release|Any CPU
		{69CDBF1C-094D-49E3-B2B1-667787B1A4E1}.Debug|Any CPU.ActiveCfg = Debug|Any CPU
		{69CDBF1C-094D-49E3-B2B1-667787B1A4E1}.Debug|Any CPU.Build.0 = Debug|Any CPU
		{69CDBF1C-094D-49E3-B2B1-667787B1A4E1}.Release|Any CPU.ActiveCfg = Release|Any CPU
		{69CDBF1C-094D-49E3-B2B1-667787B1A4E1}.Release|Any CPU.Build.0 = Release|Any CPU
		{275F052C-CA08-4EF0-AC4A-9F1421B8CDC7}.Debug|Any CPU.ActiveCfg = Debug|Any CPU
		{275F052C-CA08-4EF0-AC4A-9F1421B8CDC7}.Debug|Any CPU.Build.0 = Debug|Any CPU
		{275F052C-CA08-4EF0-AC4A-9F1421B8CDC7}.Release|Any CPU.ActiveCfg = Release|Any CPU
		{275F052C-CA08-4EF0-AC4A-9F1421B8CDC7}.Release|Any CPU.Build.0 = Release|Any CPU
		{8475B7E2-0AFA-4108-8A35-8D2980B12850}.Debug|Any CPU.ActiveCfg = Debug|Any CPU
		{8475B7E2-0AFA-4108-8A35-8D2980B12850}.Debug|Any CPU.Build.0 = Debug|Any CPU
		{8475B7E2-0AFA-4108-8A35-8D2980B12850}.Release|Any CPU.ActiveCfg = Release|Any CPU
		{8475B7E2-0AFA-4108-8A35-8D2980B12850}.Release|Any CPU.Build.0 = Release|Any CPU
		{E12666E6-2D09-48A1-A887-E402D308A0BB}.Debug|Any CPU.ActiveCfg = Debug|Any CPU
		{E12666E6-2D09-48A1-A887-E402D308A0BB}.Debug|Any CPU.Build.0 = Debug|Any CPU
		{E12666E6-2D09-48A1-A887-E402D308A0BB}.Release|Any CPU.ActiveCfg = Release|Any CPU
		{E12666E6-2D09-48A1-A887-E402D308A0BB}.Release|Any CPU.Build.0 = Release|Any CPU
		{680F01C1-DCB5-42A4-8ED1-234A45D8FBA6}.Debug|Any CPU.ActiveCfg = Debug|Any CPU
		{680F01C1-DCB5-42A4-8ED1-234A45D8FBA6}.Debug|Any CPU.Build.0 = Debug|Any CPU
		{680F01C1-DCB5-42A4-8ED1-234A45D8FBA6}.Release|Any CPU.ActiveCfg = Release|Any CPU
		{680F01C1-DCB5-42A4-8ED1-234A45D8FBA6}.Release|Any CPU.Build.0 = Release|Any CPU
		{AB7ABB0A-734A-4A06-8BA2-374E586A96DC}.Debug|Any CPU.ActiveCfg = Debug|Any CPU
		{AB7ABB0A-734A-4A06-8BA2-374E586A96DC}.Debug|Any CPU.Build.0 = Debug|Any CPU
		{AB7ABB0A-734A-4A06-8BA2-374E586A96DC}.Release|Any CPU.ActiveCfg = Release|Any CPU
		{AB7ABB0A-734A-4A06-8BA2-374E586A96DC}.Release|Any CPU.Build.0 = Release|Any CPU
		{C88DBFFE-EF11-49A7-9F0D-D97226271C7A}.Debug|Any CPU.ActiveCfg = Debug|Any CPU
		{C88DBFFE-EF11-49A7-9F0D-D97226271C7A}.Debug|Any CPU.Build.0 = Debug|Any CPU
		{C88DBFFE-EF11-49A7-9F0D-D97226271C7A}.Release|Any CPU.ActiveCfg = Release|Any CPU
		{C88DBFFE-EF11-49A7-9F0D-D97226271C7A}.Release|Any CPU.Build.0 = Release|Any CPU
		{CBE41E90-70AF-4B89-9929-CAA8A74B7C3B}.Debug|Any CPU.ActiveCfg = Debug|Any CPU
		{CBE41E90-70AF-4B89-9929-CAA8A74B7C3B}.Debug|Any CPU.Build.0 = Debug|Any CPU
		{CBE41E90-70AF-4B89-9929-CAA8A74B7C3B}.Release|Any CPU.ActiveCfg = Release|Any CPU
		{CBE41E90-70AF-4B89-9929-CAA8A74B7C3B}.Release|Any CPU.Build.0 = Release|Any CPU
	EndGlobalSection
	GlobalSection(SolutionProperties) = preSolution
		HideSolutionNode = FALSE
	EndGlobalSection
	GlobalSection(NestedProjects) = preSolution
		{8475B7E2-0AFA-4108-8A35-8D2980B12850} = {93097B6A-C6E4-4AE7-AE2F-62908F9EA926}
		{E12666E6-2D09-48A1-A887-E402D308A0BB} = {93097B6A-C6E4-4AE7-AE2F-62908F9EA926}
		{680F01C1-DCB5-42A4-8ED1-234A45D8FBA6} = {93097B6A-C6E4-4AE7-AE2F-62908F9EA926}
		{93097B6A-C6E4-4AE7-AE2F-62908F9EA926} = {0C012303-205C-4886-8F91-DF223124E1E9}
		{3C385D87-CD57-48DE-9724-91489F24356D} = {0C012303-205C-4886-8F91-DF223124E1E9}
		{AB7ABB0A-734A-4A06-8BA2-374E586A96DC} = {3C385D87-CD57-48DE-9724-91489F24356D}
		{C88DBFFE-EF11-49A7-9F0D-D97226271C7A} = {3C385D87-CD57-48DE-9724-91489F24356D}
		{CBE41E90-70AF-4B89-9929-CAA8A74B7C3B} = {3C385D87-CD57-48DE-9724-91489F24356D}
	EndGlobalSection
	GlobalSection(ExtensibilityGlobals) = postSolution
		SolutionGuid = {BEC8D602-768F-4E83-8C66-022EE9BE6CED}
	EndGlobalSection
EndGlobal
